
Microsoft Visual Studio Solution File, Format Version 12.00
# Visual Studio Version 17
VisualStudioVersion = 17.4.33122.133
MinimumVisualStudioVersion = 10.0.40219.1
Project("{9A19103F-16F7-4668-BE54-9A1E7A4F7556}") = "UserService", "UserService\UserService.csproj", "{BD6431B9-59A0-48D0-AF8F-1E6A732D3DEB}"
EndProject
Project("{9A19103F-16F7-4668-BE54-9A1E7A4F7556}") = "ProductService", "ProductService\ProductService.csproj", "{81E1E2A5-47B3-4B1F-BD20-F57CE8795650}"
EndProject
Project("{2150E333-8FDC-42A3-9474-1A3956D46DE8}") = "src", "src", "{3D6FC73C-A8EC-4795-80BB-C3594F20EFB4}"
EndProject
Global
	GlobalSection(SolutionConfigurationPlatforms) = preSolution
		Debug|Any CPU = Debug|Any CPU
		Release|Any CPU = Release|Any CPU
	EndGlobalSection
	GlobalSection(ProjectConfigurationPlatforms) = postSolution
		{BD6431B9-59A0-48D0-AF8F-1E6A732D3DEB}.Debug|Any CPU.ActiveCfg = Debug|Any CPU
		{BD6431B9-59A0-48D0-AF8F-1E6A732D3DEB}.Debug|Any CPU.Build.0 = Debug|Any CPU
		{BD6431B9-59A0-48D0-AF8F-1E6A732D3DEB}.Release|Any CPU.ActiveCfg = Release|Any CPU
		{BD6431B9-59A0-48D0-AF8F-1E6A732D3DEB}.Release|Any CPU.Build.0 = Release|Any CPU
		{81E1E2A5-47B3-4B1F-BD20-F57CE8795650}.Debug|Any CPU.ActiveCfg = Debug|Any CPU
		{81E1E2A5-47B3-4B1F-BD20-F57CE8795650}.Debug|Any CPU.Build.0 = Debug|Any CPU
		{81E1E2A5-47B3-4B1F-BD20-F57CE8795650}.Release|Any CPU.ActiveCfg = Release|Any CPU
		{81E1E2A5-47B3-4B1F-BD20-F57CE8795650}.Release|Any CPU.Build.0 = Release|Any CPU
	EndGlobalSection
	GlobalSection(SolutionProperties) = preSolution
		HideSolutionNode = FALSE
	EndGlobalSection
	GlobalSection(NestedProjects) = preSolution
		{BD6431B9-59A0-48D0-AF8F-1E6A732D3DEB} = {3D6FC73C-A8EC-4795-80BB-C3594F20EFB4}
		{81E1E2A5-47B3-4B1F-BD20-F57CE8795650} = {3D6FC73C-A8EC-4795-80BB-C3594F20EFB4}
	EndGlobalSection
	GlobalSection(ExtensibilityGlobals) = postSolution
		SolutionGuid = {1A278787-9BBE-44E7-B3C0-5140D26978D7}
	EndGlobalSection
EndGlobal
